
Microsoft Visual Studio Solution File, Format Version 12.00
# Visual Studio Version 17
VisualStudioVersion = 17.8.34525.116
MinimumVisualStudioVersion = 10.0.40219.1
Project("{2150E333-8FDC-42A3-9474-1A3956D46DE8}") = "Eigen Projecten", "Eigen Projecten", "{D563B61C-3F6F-43A5-894A-A612EF993CA8}"
EndProject
Project("{2150E333-8FDC-42A3-9474-1A3956D46DE8}") = "Instructie", "Instructie", "{F0593E33-AE66-4011-BFE0-2C5857F9063A}"
EndProject
Project("{2150E333-8FDC-42A3-9474-1A3956D46DE8}") = "Hoofdstuk 1", "Hoofdstuk 1", "{A3EFC082-CF34-4596-8D3C-FF69FE2D28A8}"
EndProject
Project("{2150E333-8FDC-42A3-9474-1A3956D46DE8}") = "Hoofdstuk 2", "Hoofdstuk 2", "{AE7C3BAD-5E22-4C2D-93E9-DD3D0C6C4647}"
EndProject
Project("{2150E333-8FDC-42A3-9474-1A3956D46DE8}") = "Hoofdstuk 3", "Hoofdstuk 3", "{A7472DF5-629F-4355-8FDE-EC69EA7900C1}"
EndProject
Project("{2150E333-8FDC-42A3-9474-1A3956D46DE8}") = "Hoofdstuk 4", "Hoofdstuk 4", "{352AD735-5E01-4C8E-857D-9483955287BC}"
EndProject
Project("{2150E333-8FDC-42A3-9474-1A3956D46DE8}") = "Hoofdstuk 5", "Hoofdstuk 5", "{DF3BEDFB-EEEE-4D52-81F0-3F54E7DB2CB1}"
EndProject
Project("{2150E333-8FDC-42A3-9474-1A3956D46DE8}") = "Hoofdstuk 6", "Hoofdstuk 6", "{D2FF8196-F15F-4265-ACC1-FC4DFABB80D7}"
EndProject
Project("{2150E333-8FDC-42A3-9474-1A3956D46DE8}") = "Hoofdstuk 7", "Hoofdstuk 7", "{3EBEA568-5510-48CD-AFBB-F1CB94523C72}"
EndProject
Project("{2150E333-8FDC-42A3-9474-1A3956D46DE8}") = "Hoofdstuk 8", "Hoofdstuk 8", "{81388720-949C-4758-A980-68DBE187BE16}"
EndProject
Project("{2150E333-8FDC-42A3-9474-1A3956D46DE8}") = "Oefeningen", "Oefeningen", "{CE81E9FF-824B-4899-8B3F-B763E9BBABC7}"
EndProject
Project("{9A19103F-16F7-4668-BE54-9A1E7A4F7556}") = "TestProject", "TestProject\TestProject.csproj", "{93328ED9-3138-4012-AFE9-DCB2AD7C9ACA}"
EndProject
Project("{FAE04EC0-301F-11D3-BF4B-00C04F79EFBC}") = "Oefening21", "Oefening21\Oefening21.csproj", "{E50408DD-66A2-438E-BC50-E5CEACCCA77A}"
EndProject
Global
	GlobalSection(SolutionConfigurationPlatforms) = preSolution
		Debug|Any CPU = Debug|Any CPU
		Release|Any CPU = Release|Any CPU
	EndGlobalSection
	GlobalSection(ProjectConfigurationPlatforms) = postSolution
		{93328ED9-3138-4012-AFE9-DCB2AD7C9ACA}.Debug|Any CPU.ActiveCfg = Debug|Any CPU
		{93328ED9-3138-4012-AFE9-DCB2AD7C9ACA}.Debug|Any CPU.Build.0 = Debug|Any CPU
		{93328ED9-3138-4012-AFE9-DCB2AD7C9ACA}.Release|Any CPU.ActiveCfg = Release|Any CPU
		{93328ED9-3138-4012-AFE9-DCB2AD7C9ACA}.Release|Any CPU.Build.0 = Release|Any CPU
		{E50408DD-66A2-438E-BC50-E5CEACCCA77A}.Debug|Any CPU.ActiveCfg = Debug|Any CPU
		{E50408DD-66A2-438E-BC50-E5CEACCCA77A}.Debug|Any CPU.Build.0 = Debug|Any CPU
		{E50408DD-66A2-438E-BC50-E5CEACCCA77A}.Release|Any CPU.ActiveCfg = Release|Any CPU
		{E50408DD-66A2-438E-BC50-E5CEACCCA77A}.Release|Any CPU.Build.0 = Release|Any CPU
	EndGlobalSection
	GlobalSection(SolutionProperties) = preSolution
		HideSolutionNode = FALSE
	EndGlobalSection
	GlobalSection(NestedProjects) = preSolution
		{A3EFC082-CF34-4596-8D3C-FF69FE2D28A8} = {F0593E33-AE66-4011-BFE0-2C5857F9063A}
		{AE7C3BAD-5E22-4C2D-93E9-DD3D0C6C4647} = {F0593E33-AE66-4011-BFE0-2C5857F9063A}
		{A7472DF5-629F-4355-8FDE-EC69EA7900C1} = {F0593E33-AE66-4011-BFE0-2C5857F9063A}
		{352AD735-5E01-4C8E-857D-9483955287BC} = {F0593E33-AE66-4011-BFE0-2C5857F9063A}
		{DF3BEDFB-EEEE-4D52-81F0-3F54E7DB2CB1} = {F0593E33-AE66-4011-BFE0-2C5857F9063A}
		{D2FF8196-F15F-4265-ACC1-FC4DFABB80D7} = {F0593E33-AE66-4011-BFE0-2C5857F9063A}
		{3EBEA568-5510-48CD-AFBB-F1CB94523C72} = {F0593E33-AE66-4011-BFE0-2C5857F9063A}
		{81388720-949C-4758-A980-68DBE187BE16} = {F0593E33-AE66-4011-BFE0-2C5857F9063A}
		{93328ED9-3138-4012-AFE9-DCB2AD7C9ACA} = {A3EFC082-CF34-4596-8D3C-FF69FE2D28A8}
		{E50408DD-66A2-438E-BC50-E5CEACCCA77A} = {CE81E9FF-824B-4899-8B3F-B763E9BBABC7}
	EndGlobalSection
	GlobalSection(ExtensibilityGlobals) = postSolution
		SolutionGuid = {AF93BE25-F4E1-40BE-82CE-7B7ED0EFDB97}
	EndGlobalSection
EndGlobal
